
Microsoft Visual Studio Solution File, Format Version 12.00
# Visual Studio Version 17
VisualStudioVersion = 17.3.32929.385
MinimumVisualStudioVersion = 10.0.40219.1
Project("{FAE04EC0-301F-11D3-BF4B-00C04F79EFBC}") = "NMHH_Adatattoltes", "NMHH_Adatattoltes\NMHH_Adatattoltes.csproj", "{23973621-8B06-49CD-B2BE-E9C1D7A0CC81}"
EndProject
Global
	GlobalSection(SolutionConfigurationPlatforms) = preSolution
		Debug|Any CPU = Debug|Any CPU
		Release|Any CPU = Release|Any CPU
	EndGlobalSection
	GlobalSection(ProjectConfigurationPlatforms) = postSolution
		{23973621-8B06-49CD-B2BE-E9C1D7A0CC81}.Debug|Any CPU.ActiveCfg = Debug|Any CPU
		{23973621-8B06-49CD-B2BE-E9C1D7A0CC81}.Debug|Any CPU.Build.0 = Debug|Any CPU
		{23973621-8B06-49CD-B2BE-E9C1D7A0CC81}.Release|Any CPU.ActiveCfg = Release|Any CPU
		{23973621-8B06-49CD-B2BE-E9C1D7A0CC81}.Release|Any CPU.Build.0 = Release|Any CPU
	EndGlobalSection
	GlobalSection(SolutionProperties) = preSolution
		HideSolutionNode = FALSE
	EndGlobalSection
	GlobalSection(ExtensibilityGlobals) = postSolution
		SolutionGuid = {8DD8C4D7-7A28-41D7-915D-29F417FCD662}
	EndGlobalSection
EndGlobal
